
Microsoft Visual Studio Solution File, Format Version 12.00
# Visual Studio Version 17
VisualStudioVersion = 17.4.33122.133
MinimumVisualStudioVersion = 10.0.40219.1
Project("{2150E333-8FDC-42A3-9474-1A3956D46DE8}") = "Services", "Services", "{71BE5DB9-0828-490A-A92B-C616D976DC27}"
EndProject
Project("{2150E333-8FDC-42A3-9474-1A3956D46DE8}") = "Catalog", "Catalog", "{65E69DA4-4534-4DDF-A095-E432AABFD91B}"
EndProject
Project("{9A19103F-16F7-4668-BE54-9A1E7A4F7556}") = "Catalog.API", "Services\Catalog\Catalog.API\Catalog.API.csproj", "{7E63B769-66FB-4C88-B11A-C718220245D3}"
EndProject
Project("{E53339B2-1760-4266-BCC7-CA923CBCF16C}") = "docker-compose", "docker-compose.dcproj", "{721A7B72-6263-47B4-AE1F-106B27BF2286}"
EndProject
Project("{2150E333-8FDC-42A3-9474-1A3956D46DE8}") = "Basket", "Basket", "{3C729122-6F3D-43C8-8C36-84098D2A497C}"
EndProject
Project("{9A19103F-16F7-4668-BE54-9A1E7A4F7556}") = "Basket.API", "Services\Basket\Basket.API\Basket.API.csproj", "{812B80BC-C95C-44D6-8916-A412316D7827}"
EndProject
Project("{2150E333-8FDC-42A3-9474-1A3956D46DE8}") = "Discount", "Discount", "{A19B1A51-3A2D-4C0A-B6D9-1BCCD6FB8BF4}"
EndProject
Project("{9A19103F-16F7-4668-BE54-9A1E7A4F7556}") = "Discount.API", "Services\Discount\Discount.API\Discount.API.csproj", "{59D6D897-50C8-410F-93B9-49F895230C0D}"
EndProject
Project("{FAE04EC0-301F-11D3-BF4B-00C04F79EFBC}") = "Discount.Grpc", "Services\Discount\Discount.Grpc\Discount.Grpc.csproj", "{CDC952D0-6443-4448-B0E4-538D14D9BDCC}"
EndProject
Global
	GlobalSection(SolutionConfigurationPlatforms) = preSolution
		Debug|Any CPU = Debug|Any CPU
		Release|Any CPU = Release|Any CPU
	EndGlobalSection
	GlobalSection(ProjectConfigurationPlatforms) = postSolution
		{7E63B769-66FB-4C88-B11A-C718220245D3}.Debug|Any CPU.ActiveCfg = Debug|Any CPU
		{7E63B769-66FB-4C88-B11A-C718220245D3}.Debug|Any CPU.Build.0 = Debug|Any CPU
		{7E63B769-66FB-4C88-B11A-C718220245D3}.Release|Any CPU.ActiveCfg = Release|Any CPU
		{7E63B769-66FB-4C88-B11A-C718220245D3}.Release|Any CPU.Build.0 = Release|Any CPU
		{721A7B72-6263-47B4-AE1F-106B27BF2286}.Debug|Any CPU.ActiveCfg = Debug|Any CPU
		{721A7B72-6263-47B4-AE1F-106B27BF2286}.Debug|Any CPU.Build.0 = Debug|Any CPU
		{721A7B72-6263-47B4-AE1F-106B27BF2286}.Release|Any CPU.ActiveCfg = Release|Any CPU
		{721A7B72-6263-47B4-AE1F-106B27BF2286}.Release|Any CPU.Build.0 = Release|Any CPU
		{812B80BC-C95C-44D6-8916-A412316D7827}.Debug|Any CPU.ActiveCfg = Debug|Any CPU
		{812B80BC-C95C-44D6-8916-A412316D7827}.Debug|Any CPU.Build.0 = Debug|Any CPU
		{812B80BC-C95C-44D6-8916-A412316D7827}.Release|Any CPU.ActiveCfg = Release|Any CPU
		{812B80BC-C95C-44D6-8916-A412316D7827}.Release|Any CPU.Build.0 = Release|Any CPU
		{59D6D897-50C8-410F-93B9-49F895230C0D}.Debug|Any CPU.ActiveCfg = Debug|Any CPU
		{59D6D897-50C8-410F-93B9-49F895230C0D}.Debug|Any CPU.Build.0 = Debug|Any CPU
		{59D6D897-50C8-410F-93B9-49F895230C0D}.Release|Any CPU.ActiveCfg = Release|Any CPU
		{59D6D897-50C8-410F-93B9-49F895230C0D}.Release|Any CPU.Build.0 = Release|Any CPU
		{CDC952D0-6443-4448-B0E4-538D14D9BDCC}.Debug|Any CPU.ActiveCfg = Debug|Any CPU
		{CDC952D0-6443-4448-B0E4-538D14D9BDCC}.Debug|Any CPU.Build.0 = Debug|Any CPU
		{CDC952D0-6443-4448-B0E4-538D14D9BDCC}.Release|Any CPU.ActiveCfg = Release|Any CPU
		{CDC952D0-6443-4448-B0E4-538D14D9BDCC}.Release|Any CPU.Build.0 = Release|Any CPU
	EndGlobalSection
	GlobalSection(SolutionProperties) = preSolution
		HideSolutionNode = FALSE
	EndGlobalSection
	GlobalSection(NestedProjects) = preSolution
		{65E69DA4-4534-4DDF-A095-E432AABFD91B} = {71BE5DB9-0828-490A-A92B-C616D976DC27}
		{7E63B769-66FB-4C88-B11A-C718220245D3} = {65E69DA4-4534-4DDF-A095-E432AABFD91B}
		{3C729122-6F3D-43C8-8C36-84098D2A497C} = {71BE5DB9-0828-490A-A92B-C616D976DC27}
		{812B80BC-C95C-44D6-8916-A412316D7827} = {3C729122-6F3D-43C8-8C36-84098D2A497C}
		{A19B1A51-3A2D-4C0A-B6D9-1BCCD6FB8BF4} = {71BE5DB9-0828-490A-A92B-C616D976DC27}
		{59D6D897-50C8-410F-93B9-49F895230C0D} = {A19B1A51-3A2D-4C0A-B6D9-1BCCD6FB8BF4}
		{CDC952D0-6443-4448-B0E4-538D14D9BDCC} = {A19B1A51-3A2D-4C0A-B6D9-1BCCD6FB8BF4}
	EndGlobalSection
	GlobalSection(ExtensibilityGlobals) = postSolution
		SolutionGuid = {DC9AFD08-7B0C-4579-A63B-4271909DB864}
	EndGlobalSection
EndGlobal
